// !$*UTF8*$!
{
	archiveVersion = 1;
	classes = {
	};
	objectVersion = 46;
	objects = {

/* Begin PBXAggregateTarget section */
		B17E75B715D4367F0066550B /* Framework */ = {
			isa = PBXAggregateTarget;
			buildConfigurationList = B17E75B815D436800066550B /* Build configuration list for PBXAggregateTarget "Framework" */;
			buildPhases = (
				B17E75BD15D436A50066550B /* Framework */,
			);
			dependencies = (
				B17E75BC15D436880066550B /* PBXTargetDependency */,
			);
			name = Framework;
			productName = Framework;
		};
/* End PBXAggregateTarget section */

/* Begin PBXBuildFile section */
		692D77A01657010000DE3E53 /* LPExitRoute.h in Headers */ = {isa = PBXBuildFile; fileRef = 692D779E1657010000DE3E53 /* LPExitRoute.h */; };
		692D77A11657010000DE3E53 /* LPExitRoute.m in Sources */ = {isa = PBXBuildFile; fileRef = 692D779F1657010000DE3E53 /* LPExitRoute.m */; };
		B12179A8165D613100B6DA43 /* LPScreenshotRoute2.h in Headers */ = {isa = PBXBuildFile; fileRef = B12179A6165D613100B6DA43 /* LPScreenshotRoute2.h */; };
		B12179A9165D613100B6DA43 /* LPScreenshotRoute2.m in Sources */ = {isa = PBXBuildFile; fileRef = B12179A7165D613100B6DA43 /* LPScreenshotRoute2.m */; };
		B1296FC015DC1F4B005DDF5C /* LPReflectUtils.h in Headers */ = {isa = PBXBuildFile; fileRef = B1296FBF15DC1F4B005DDF5C /* LPReflectUtils.h */; };
		B1296FC315DC1F5B005DDF5C /* LPReflectUtils.m in Sources */ = {isa = PBXBuildFile; fileRef = B1296FC215DC1F5B005DDF5C /* LPReflectUtils.m */; };
		B13B29251627389500433F6C /* LPISO8601DateFormatter.h in Headers */ = {isa = PBXBuildFile; fileRef = B13B29231627389500433F6C /* LPISO8601DateFormatter.h */; };
		B13B29261627389500433F6C /* LPISO8601DateFormatter.m in Sources */ = {isa = PBXBuildFile; fileRef = B13B29241627389500433F6C /* LPISO8601DateFormatter.m */; };
		B13D5F8A15D43A3900504726 /* LPI.mm in Sources */ = {isa = PBXBuildFile; fileRef = B184FDBD14B6DB2B002A744C /* LPI.mm */; };
		B17E756E15D433A40066550B /* Foundation.framework in Frameworks */ = {isa = PBXBuildFile; fileRef = B121E79714B6D9FB0034C6A9 /* Foundation.framework */; };
		B17E757B15D434D00066550B /* CFNetwork.framework in Frameworks */ = {isa = PBXBuildFile; fileRef = B17E757A15D434D00066550B /* CFNetwork.framework */; };
		B17E757C15D4357F0066550B /* LPWebQuery.m in Sources */ = {isa = PBXBuildFile; fileRef = B1914DB8159C228500CB928D /* LPWebQuery.m */; };
		B17E757D15D4357F0066550B /* GCDAsyncSocket.m in Sources */ = {isa = PBXBuildFile; fileRef = B184FD9114B6DB2B002A744C /* GCDAsyncSocket.m */; };
		B17E757E15D4357F0066550B /* LPHTTPAuthenticationRequest.m in Sources */ = {isa = PBXBuildFile; fileRef = B116C9B314E6565500663205 /* LPHTTPAuthenticationRequest.m */; };
		B17E757F15D4357F0066550B /* LPHTTPConnection.m in Sources */ = {isa = PBXBuildFile; fileRef = B116C9B514E6565500663205 /* LPHTTPConnection.m */; };
		B17E758015D4357F0066550B /* LPHTTPMessage.m in Sources */ = {isa = PBXBuildFile; fileRef = B116C9B814E6565500663205 /* LPHTTPMessage.m */; };
		B17E758115D4357F0066550B /* LPHTTPServer.m in Sources */ = {isa = PBXBuildFile; fileRef = B116C9BB14E6565500663205 /* LPHTTPServer.m */; };
		B17E758215D4357F0066550B /* DDData.m in Sources */ = {isa = PBXBuildFile; fileRef = B116C98414E5215800663205 /* DDData.m */; };
		B17E758315D4357F0066550B /* DDNumber.m in Sources */ = {isa = PBXBuildFile; fileRef = B116C98614E5215800663205 /* DDNumber.m */; };
		B17E758415D4357F0066550B /* DDRange.m in Sources */ = {isa = PBXBuildFile; fileRef = B116C98814E5215800663205 /* DDRange.m */; };
		B17E758515D4357F0066550B /* LPHTTPAsyncFileResponse.m in Sources */ = {isa = PBXBuildFile; fileRef = B116C99F14E6564200663205 /* LPHTTPAsyncFileResponse.m */; };
		B17E758615D4357F0066550B /* LPHTTPDataResponse.m in Sources */ = {isa = PBXBuildFile; fileRef = B116C9A114E6564200663205 /* LPHTTPDataResponse.m */; };
		B17E758715D4357F0066550B /* LPHTTPDynamicFileResponse.m in Sources */ = {isa = PBXBuildFile; fileRef = B116C9A314E6564200663205 /* LPHTTPDynamicFileResponse.m */; };
		B17E758815D4357F0066550B /* LPHTTPFileResponse.m in Sources */ = {isa = PBXBuildFile; fileRef = B116C9A514E6564200663205 /* LPHTTPFileResponse.m */; };
		B17E758915D4357F0066550B /* LPHTTPRedirectResponse.m in Sources */ = {isa = PBXBuildFile; fileRef = B116C9A714E6564200663205 /* LPHTTPRedirectResponse.m */; };
		B17E758A15D4357F0066550B /* LPRouter.m in Sources */ = {isa = PBXBuildFile; fileRef = B184FDC014B6DB2B002A744C /* LPRouter.m */; };
		B17E758B15D4357F0066550B /* LPQueryAllOperation.m in Sources */ = {isa = PBXBuildFile; fileRef = B15DA5E415C5D80A009E6CFE /* LPQueryAllOperation.m */; };
		B17E758C15D4357F0066550B /* LPOperation.m in Sources */ = {isa = PBXBuildFile; fileRef = B184FE9214B6DDA1002A744C /* LPOperation.m */; };
		B17E758D15D4357F0066550B /* LPQueryOperation.m in Sources */ = {isa = PBXBuildFile; fileRef = B184FDC514B6DB2B002A744C /* LPQueryOperation.m */; };
		B17E758E15D4357F0066550B /* LPScrollOperation.m in Sources */ = {isa = PBXBuildFile; fileRef = B184FDC714B6DB2B002A744C /* LPScrollOperation.m */; };
		B17E758F15D4357F0066550B /* LPScrollToRowOperation.m in Sources */ = {isa = PBXBuildFile; fileRef = B184FDC914B6DB2B002A744C /* LPScrollToRowOperation.m */; };
		B17E759015D4357F0066550B /* LPSetTextOperation.m in Sources */ = {isa = PBXBuildFile; fileRef = B184FDCB14B6DB2B002A744C /* LPSetTextOperation.m */; };
		B17E759115D4357F0066550B /* LPRecorder.m in Sources */ = {isa = PBXBuildFile; fileRef = B184FE8714B6DBAC002A744C /* LPRecorder.m */; };
		B17E759215D4357F0066550B /* LPUIARoute.m in Sources */ = {isa = PBXBuildFile; fileRef = B1DDE6CA15C06CB500BBE2BE /* LPUIARoute.m */; };
		B17E759315D4357F0066550B /* LPUserPrefRoute.m in Sources */ = {isa = PBXBuildFile; fileRef = B1DDE6CC15C06CB500BBE2BE /* LPUserPrefRoute.m */; };
		B17E759415D4357F0066550B /* LPKeyboardRoute.m in Sources */ = {isa = PBXBuildFile; fileRef = B16321F715BC200300408364 /* LPKeyboardRoute.m */; };
		B17E759515D4357F0066550B /* LPGenericAsyncRoute.m in Sources */ = {isa = PBXBuildFile; fileRef = B16321F315BC1ECD00408364 /* LPGenericAsyncRoute.m */; };
		B17E759615D4357F0066550B /* LPConditionRoute.m in Sources */ = {isa = PBXBuildFile; fileRef = B163213415BBF13200408364 /* LPConditionRoute.m */; };
		B17E759715D4357F0066550B /* LPInterpolateRoute.m in Sources */ = {isa = PBXBuildFile; fileRef = B12A04011511546F002FA032 /* LPInterpolateRoute.m */; };
		B17E759815D4357F0066550B /* LPPlaybackRoute.m in Sources */ = {isa = PBXBuildFile; fileRef = B184FE8A14B6DC7F002A744C /* LPPlaybackRoute.m */; };
		B17E759915D4357F0066550B /* LPRecordRoute.m in Sources */ = {isa = PBXBuildFile; fileRef = B184FE8B14B6DC7F002A744C /* LPRecordRoute.m */; };
		B17E759A15D4357F0066550B /* LPMapRoute.m in Sources */ = {isa = PBXBuildFile; fileRef = B184FDD214B6DB2B002A744C /* LPMapRoute.m */; };
		B17E759B15D4357F0066550B /* LPNoContentResponse.m in Sources */ = {isa = PBXBuildFile; fileRef = B184FDD414B6DB2B002A744C /* LPNoContentResponse.m */; };
		B17E759C15D4357F0066550B /* LPScreenshotRoute.m in Sources */ = {isa = PBXBuildFile; fileRef = B184FE9014B6DD33002A744C /* LPScreenshotRoute.m */; };
		B17E759D15D4357F0066550B /* LPAsyncPlaybackRoute.m in Sources */ = {isa = PBXBuildFile; fileRef = B111321614D5837900982BBC /* LPAsyncPlaybackRoute.m */; };
		B17E759E15D4357F0066550B /* LPBackdoorRoute.m in Sources */ = {isa = PBXBuildFile; fileRef = B160E8EE15321D8F00F69E7A /* LPBackdoorRoute.m */; };
		B17E759F15D4357F0066550B /* LPVersionRoute.m in Sources */ = {isa = PBXBuildFile; fileRef = B153F55B15949F3D00867E12 /* LPVersionRoute.m */; };
		B17E75A015D4357F0066550B /* CDataScanner_Extensions.m in Sources */ = {isa = PBXBuildFile; fileRef = B184FDDF14B6DB2B002A744C /* CDataScanner_Extensions.m */; };
		B17E75A115D4357F0066550B /* LPCJSONDeserializer.m in Sources */ = {isa = PBXBuildFile; fileRef = B184FE9614B6F64A002A744C /* LPCJSONDeserializer.m */; };
		B17E75A215D4357F0066550B /* LPCJSONScanner.m in Sources */ = {isa = PBXBuildFile; fileRef = B184FDE314B6DB2B002A744C /* LPCJSONScanner.m */; };
		B17E75A315D4357F0066550B /* LPCJSONSerializer.m in Sources */ = {isa = PBXBuildFile; fileRef = B184FDE514B6DB2B002A744C /* LPCJSONSerializer.m */; };
		B17E75A415D4357F0066550B /* LPResources.m in Sources */ = {isa = PBXBuildFile; fileRef = B184FDF714B6DB2B002A744C /* LPResources.m */; };
		B17E75A515D4357F0066550B /* UIScriptASTPredicate.m in Sources */ = {isa = PBXBuildFile; fileRef = B1E3603914D9F4B30087D8D9 /* UIScriptASTPredicate.m */; };
		B17E75A615D4357F0066550B /* UIScriptAST.m in Sources */ = {isa = PBXBuildFile; fileRef = B184FDFA14B6DB2B002A744C /* UIScriptAST.m */; };
		B17E75A715D4357F0066550B /* UIScriptASTALL.m in Sources */ = {isa = PBXBuildFile; fileRef = B184FDFC14B6DB2B002A744C /* UIScriptASTALL.m */; };
		B17E75A815D4357F0066550B /* UIScriptASTClassName.m in Sources */ = {isa = PBXBuildFile; fileRef = B184FDFE14B6DB2B002A744C /* UIScriptASTClassName.m */; };
		B17E75A915D4357F0066550B /* UIScriptASTDirection.m in Sources */ = {isa = PBXBuildFile; fileRef = B184FE0014B6DB2B002A744C /* UIScriptASTDirection.m */; };
		B17E75AA15D4357F0066550B /* UIScriptASTFirst.m in Sources */ = {isa = PBXBuildFile; fileRef = B184FE0214B6DB2B002A744C /* UIScriptASTFirst.m */; };
		B17E75AB15D4357F0066550B /* UIScriptASTIndex.m in Sources */ = {isa = PBXBuildFile; fileRef = B184FE0414B6DB2B002A744C /* UIScriptASTIndex.m */; };
		B17E75AC15D4357F0066550B /* UIScriptASTLast.m in Sources */ = {isa = PBXBuildFile; fileRef = B184FE0614B6DB2B002A744C /* UIScriptASTLast.m */; };
		B17E75AD15D4357F0066550B /* UIScriptASTWith.m in Sources */ = {isa = PBXBuildFile; fileRef = B184FE0814B6DB2B002A744C /* UIScriptASTWith.m */; };
		B17E75AE15D4357F0066550B /* UIScriptParser.m in Sources */ = {isa = PBXBuildFile; fileRef = B184FE0A14B6DB2B002A744C /* UIScriptParser.m */; };
		B17E75AF15D4357F0066550B /* LPJSONUtils.m in Sources */ = {isa = PBXBuildFile; fileRef = B184FE0D14B6DB2B002A744C /* LPJSONUtils.m */; };
		B17E75B015D4357F0066550B /* LPTouchUtils.m in Sources */ = {isa = PBXBuildFile; fileRef = B184FE0F14B6DB2B002A744C /* LPTouchUtils.m */; };
		B17E75B115D4357F0066550B /* LPCDataScanner.m in Sources */ = {isa = PBXBuildFile; fileRef = B184FD8C14B6DAFB002A744C /* LPCDataScanner.m */; };
		B17E75B215D4357F0066550B /* CalabashServer.m in Sources */ = {isa = PBXBuildFile; fileRef = B184FD8714B6DAE1002A744C /* CalabashServer.m */; };
		B17E75B615D436100066550B /* CalabashServer.h in Headers */ = {isa = PBXBuildFile; fileRef = B184FD8814B6DAE1002A744C /* CalabashServer.h */; settings = {ATTRIBUTES = (Public, ); }; };
		B1B19DC816D162CF00D3D80B /* UIScriptASTVisibility.h in Headers */ = {isa = PBXBuildFile; fileRef = B1B19DC616D162CF00D3D80B /* UIScriptASTVisibility.h */; };
		B1B19DC916D162CF00D3D80B /* UIScriptASTVisibility.m in Sources */ = {isa = PBXBuildFile; fileRef = B1B19DC716D162CF00D3D80B /* UIScriptASTVisibility.m */; };
		B1EBF08816EE63A000AE4D40 /* LPAppPropertyRoute.h in Headers */ = {isa = PBXBuildFile; fileRef = B1EBF08416EE63A000AE4D40 /* LPAppPropertyRoute.h */; };
		B1EBF08916EE63A000AE4D40 /* LPAppPropertyRoute.m in Sources */ = {isa = PBXBuildFile; fileRef = B1EBF08516EE63A000AE4D40 /* LPAppPropertyRoute.m */; };
		B1EBF08A16EE63A000AE4D40 /* LPQueryLogRoute.h in Headers */ = {isa = PBXBuildFile; fileRef = B1EBF08616EE63A000AE4D40 /* LPQueryLogRoute.h */; };
		B1EBF08B16EE63A000AE4D40 /* LPQueryLogRoute.m in Sources */ = {isa = PBXBuildFile; fileRef = B1EBF08716EE63A000AE4D40 /* LPQueryLogRoute.m */; };
/* End PBXBuildFile section */

/* Begin PBXContainerItemProxy section */
		B17E75BB15D436880066550B /* PBXContainerItemProxy */ = {
			isa = PBXContainerItemProxy;
			containerPortal = B121E78814B6D9FB0034C6A9 /* Project object */;
			proxyType = 1;
			remoteGlobalIDString = B17E756C15D433A40066550B;
			remoteInfo = calabash;
		};
/* End PBXContainerItemProxy section */

/* Begin PBXCopyFilesBuildPhase section */
		B17E756B15D433A40066550B /* CopyFiles */ = {
			isa = PBXCopyFilesBuildPhase;
			buildActionMask = 2147483647;
			dstPath = "include/${PRODUCT_NAME}";
			dstSubfolderSpec = 16;
			files = (
			);
			runOnlyForDeploymentPostprocessing = 0;
		};
/* End PBXCopyFilesBuildPhase section */

/* Begin PBXFileReference section */
		692D779E1657010000DE3E53 /* LPExitRoute.h */ = {isa = PBXFileReference; fileEncoding = 4; lastKnownFileType = sourcecode.c.h; path = LPExitRoute.h; sourceTree = "<group>"; };
		692D779F1657010000DE3E53 /* LPExitRoute.m */ = {isa = PBXFileReference; fileEncoding = 4; lastKnownFileType = sourcecode.c.objc; path = LPExitRoute.m; sourceTree = "<group>"; };
		B111321514D5837900982BBC /* LPAsyncPlaybackRoute.h */ = {isa = PBXFileReference; fileEncoding = 4; lastKnownFileType = sourcecode.c.h; path = LPAsyncPlaybackRoute.h; sourceTree = "<group>"; };
		B111321614D5837900982BBC /* LPAsyncPlaybackRoute.m */ = {isa = PBXFileReference; fileEncoding = 4; lastKnownFileType = sourcecode.c.objc; path = LPAsyncPlaybackRoute.m; sourceTree = "<group>"; };
		B116C98314E5215800663205 /* DDData.h */ = {isa = PBXFileReference; fileEncoding = 4; lastKnownFileType = sourcecode.c.h; name = DDData.h; path = calabash/Classes/CocoaHttpServer/Categories/DDData.h; sourceTree = SOURCE_ROOT; };
		B116C98414E5215800663205 /* DDData.m */ = {isa = PBXFileReference; fileEncoding = 4; lastKnownFileType = sourcecode.c.objc; name = DDData.m; path = calabash/Classes/CocoaHttpServer/Categories/DDData.m; sourceTree = SOURCE_ROOT; };
		B116C98514E5215800663205 /* DDNumber.h */ = {isa = PBXFileReference; fileEncoding = 4; lastKnownFileType = sourcecode.c.h; name = DDNumber.h; path = calabash/Classes/CocoaHttpServer/Categories/DDNumber.h; sourceTree = SOURCE_ROOT; };
		B116C98614E5215800663205 /* DDNumber.m */ = {isa = PBXFileReference; fileEncoding = 4; lastKnownFileType = sourcecode.c.objc; name = DDNumber.m; path = calabash/Classes/CocoaHttpServer/Categories/DDNumber.m; sourceTree = SOURCE_ROOT; };
		B116C98714E5215800663205 /* DDRange.h */ = {isa = PBXFileReference; fileEncoding = 4; lastKnownFileType = sourcecode.c.h; name = DDRange.h; path = calabash/Classes/CocoaHttpServer/Categories/DDRange.h; sourceTree = SOURCE_ROOT; };
		B116C98814E5215800663205 /* DDRange.m */ = {isa = PBXFileReference; fileEncoding = 4; lastKnownFileType = sourcecode.c.objc; name = DDRange.m; path = calabash/Classes/CocoaHttpServer/Categories/DDRange.m; sourceTree = SOURCE_ROOT; };
		B116C99E14E6564200663205 /* LPHTTPAsyncFileResponse.h */ = {isa = PBXFileReference; fileEncoding = 4; lastKnownFileType = sourcecode.c.h; path = LPHTTPAsyncFileResponse.h; sourceTree = "<group>"; };
		B116C99F14E6564200663205 /* LPHTTPAsyncFileResponse.m */ = {isa = PBXFileReference; fileEncoding = 4; lastKnownFileType = sourcecode.c.objc; path = LPHTTPAsyncFileResponse.m; sourceTree = "<group>"; };
		B116C9A014E6564200663205 /* LPHTTPDataResponse.h */ = {isa = PBXFileReference; fileEncoding = 4; lastKnownFileType = sourcecode.c.h; path = LPHTTPDataResponse.h; sourceTree = "<group>"; };
		B116C9A114E6564200663205 /* LPHTTPDataResponse.m */ = {isa = PBXFileReference; fileEncoding = 4; lastKnownFileType = sourcecode.c.objc; path = LPHTTPDataResponse.m; sourceTree = "<group>"; };
		B116C9A214E6564200663205 /* LPHTTPDynamicFileResponse.h */ = {isa = PBXFileReference; fileEncoding = 4; lastKnownFileType = sourcecode.c.h; path = LPHTTPDynamicFileResponse.h; sourceTree = "<group>"; };
		B116C9A314E6564200663205 /* LPHTTPDynamicFileResponse.m */ = {isa = PBXFileReference; fileEncoding = 4; lastKnownFileType = sourcecode.c.objc; path = LPHTTPDynamicFileResponse.m; sourceTree = "<group>"; };
		B116C9A414E6564200663205 /* LPHTTPFileResponse.h */ = {isa = PBXFileReference; fileEncoding = 4; lastKnownFileType = sourcecode.c.h; path = LPHTTPFileResponse.h; sourceTree = "<group>"; };
		B116C9A514E6564200663205 /* LPHTTPFileResponse.m */ = {isa = PBXFileReference; fileEncoding = 4; lastKnownFileType = sourcecode.c.objc; path = LPHTTPFileResponse.m; sourceTree = "<group>"; };
		B116C9A614E6564200663205 /* LPHTTPRedirectResponse.h */ = {isa = PBXFileReference; fileEncoding = 4; lastKnownFileType = sourcecode.c.h; path = LPHTTPRedirectResponse.h; sourceTree = "<group>"; };
		B116C9A714E6564200663205 /* LPHTTPRedirectResponse.m */ = {isa = PBXFileReference; fileEncoding = 4; lastKnownFileType = sourcecode.c.objc; path = LPHTTPRedirectResponse.m; sourceTree = "<group>"; };
		B116C9B214E6565500663205 /* LPHTTPAuthenticationRequest.h */ = {isa = PBXFileReference; fileEncoding = 4; lastKnownFileType = sourcecode.c.h; path = LPHTTPAuthenticationRequest.h; sourceTree = "<group>"; };
		B116C9B314E6565500663205 /* LPHTTPAuthenticationRequest.m */ = {isa = PBXFileReference; fileEncoding = 4; lastKnownFileType = sourcecode.c.objc; path = LPHTTPAuthenticationRequest.m; sourceTree = "<group>"; };
		B116C9B414E6565500663205 /* LPHTTPConnection.h */ = {isa = PBXFileReference; fileEncoding = 4; lastKnownFileType = sourcecode.c.h; path = LPHTTPConnection.h; sourceTree = "<group>"; };
		B116C9B514E6565500663205 /* LPHTTPConnection.m */ = {isa = PBXFileReference; fileEncoding = 4; lastKnownFileType = sourcecode.c.objc; path = LPHTTPConnection.m; sourceTree = "<group>"; };
		B116C9B614E6565500663205 /* LPHTTPLogging.h */ = {isa = PBXFileReference; fileEncoding = 4; lastKnownFileType = sourcecode.c.h; path = LPHTTPLogging.h; sourceTree = "<group>"; };
		B116C9B714E6565500663205 /* LPHTTPMessage.h */ = {isa = PBXFileReference; fileEncoding = 4; lastKnownFileType = sourcecode.c.h; path = LPHTTPMessage.h; sourceTree = "<group>"; };
		B116C9B814E6565500663205 /* LPHTTPMessage.m */ = {isa = PBXFileReference; fileEncoding = 4; lastKnownFileType = sourcecode.c.objc; path = LPHTTPMessage.m; sourceTree = "<group>"; };
		B116C9B914E6565500663205 /* LPHTTPResponse.h */ = {isa = PBXFileReference; fileEncoding = 4; lastKnownFileType = sourcecode.c.h; path = LPHTTPResponse.h; sourceTree = "<group>"; };
		B116C9BA14E6565500663205 /* LPHTTPServer.h */ = {isa = PBXFileReference; fileEncoding = 4; lastKnownFileType = sourcecode.c.h; path = LPHTTPServer.h; sourceTree = "<group>"; };
		B116C9BB14E6565500663205 /* LPHTTPServer.m */ = {isa = PBXFileReference; fileEncoding = 4; lastKnownFileType = sourcecode.c.objc; path = LPHTTPServer.m; sourceTree = "<group>"; };
		B12179A6165D613100B6DA43 /* LPScreenshotRoute2.h */ = {isa = PBXFileReference; fileEncoding = 4; lastKnownFileType = sourcecode.c.h; name = LPScreenshotRoute2.h; path = calabash/Classes/FranklyServer/Routes/LPScreenshotRoute2.h; sourceTree = "<group>"; };
		B12179A7165D613100B6DA43 /* LPScreenshotRoute2.m */ = {isa = PBXFileReference; fileEncoding = 4; lastKnownFileType = sourcecode.c.objc; name = LPScreenshotRoute2.m; path = calabash/Classes/FranklyServer/Routes/LPScreenshotRoute2.m; sourceTree = "<group>"; };
		B121E79714B6D9FB0034C6A9 /* Foundation.framework */ = {isa = PBXFileReference; lastKnownFileType = wrapper.framework; name = Foundation.framework; path = System/Library/Frameworks/Foundation.framework; sourceTree = SDKROOT; };
		B121E79B14B6D9FB0034C6A9 /* calabash-Info.plist */ = {isa = PBXFileReference; lastKnownFileType = text.plist.xml; path = "calabash-Info.plist"; sourceTree = "<group>"; };
		B121E79D14B6D9FB0034C6A9 /* en */ = {isa = PBXFileReference; lastKnownFileType = text.plist.strings; name = en; path = en.lproj/InfoPlist.strings; sourceTree = "<group>"; };
		B121E79F14B6D9FB0034C6A9 /* calabash-Prefix.pch */ = {isa = PBXFileReference; lastKnownFileType = sourcecode.c.h; path = "calabash-Prefix.pch"; sourceTree = "<group>"; };
		B1296FBF15DC1F4B005DDF5C /* LPReflectUtils.h */ = {isa = PBXFileReference; fileEncoding = 4; lastKnownFileType = sourcecode.c.h; path = LPReflectUtils.h; sourceTree = "<group>"; };
		B1296FC215DC1F5B005DDF5C /* LPReflectUtils.m */ = {isa = PBXFileReference; fileEncoding = 4; lastKnownFileType = sourcecode.c.objc; path = LPReflectUtils.m; sourceTree = "<group>"; };
		B12A04001511546F002FA032 /* LPInterpolateRoute.h */ = {isa = PBXFileReference; fileEncoding = 4; lastKnownFileType = sourcecode.c.h; path = LPInterpolateRoute.h; sourceTree = "<group>"; };
		B12A04011511546F002FA032 /* LPInterpolateRoute.m */ = {isa = PBXFileReference; fileEncoding = 4; lastKnownFileType = sourcecode.c.objc; path = LPInterpolateRoute.m; sourceTree = "<group>"; };
		B13B29231627389500433F6C /* LPISO8601DateFormatter.h */ = {isa = PBXFileReference; fileEncoding = 4; lastKnownFileType = sourcecode.c.h; path = LPISO8601DateFormatter.h; sourceTree = "<group>"; };
		B13B29241627389500433F6C /* LPISO8601DateFormatter.m */ = {isa = PBXFileReference; fileEncoding = 4; lastKnownFileType = sourcecode.c.objc; path = LPISO8601DateFormatter.m; sourceTree = "<group>"; };
		B153F55A15949F3D00867E12 /* LPVersionRoute.h */ = {isa = PBXFileReference; fileEncoding = 4; lastKnownFileType = sourcecode.c.h; path = LPVersionRoute.h; sourceTree = "<group>"; };
		B153F55B15949F3D00867E12 /* LPVersionRoute.m */ = {isa = PBXFileReference; fileEncoding = 4; lastKnownFileType = sourcecode.c.objc; path = LPVersionRoute.m; sourceTree = "<group>"; };
		B15DA5E315C5D80A009E6CFE /* LPQueryAllOperation.h */ = {isa = PBXFileReference; fileEncoding = 4; lastKnownFileType = sourcecode.c.h; path = LPQueryAllOperation.h; sourceTree = "<group>"; };
		B15DA5E415C5D80A009E6CFE /* LPQueryAllOperation.m */ = {isa = PBXFileReference; fileEncoding = 4; lastKnownFileType = sourcecode.c.objc; path = LPQueryAllOperation.m; sourceTree = "<group>"; };
		B160E8ED15321D8F00F69E7A /* LPBackdoorRoute.h */ = {isa = PBXFileReference; fileEncoding = 4; lastKnownFileType = sourcecode.c.h; path = LPBackdoorRoute.h; sourceTree = "<group>"; };
		B160E8EE15321D8F00F69E7A /* LPBackdoorRoute.m */ = {isa = PBXFileReference; fileEncoding = 4; lastKnownFileType = sourcecode.c.objc; path = LPBackdoorRoute.m; sourceTree = "<group>"; };
		B163213315BBF13200408364 /* LPConditionRoute.h */ = {isa = PBXFileReference; fileEncoding = 4; lastKnownFileType = sourcecode.c.h; path = LPConditionRoute.h; sourceTree = "<group>"; };
		B163213415BBF13200408364 /* LPConditionRoute.m */ = {isa = PBXFileReference; fileEncoding = 4; lastKnownFileType = sourcecode.c.objc; path = LPConditionRoute.m; sourceTree = "<group>"; };
		B16321F215BC1ECD00408364 /* LPGenericAsyncRoute.h */ = {isa = PBXFileReference; fileEncoding = 4; lastKnownFileType = sourcecode.c.h; path = LPGenericAsyncRoute.h; sourceTree = "<group>"; };
		B16321F315BC1ECD00408364 /* LPGenericAsyncRoute.m */ = {isa = PBXFileReference; fileEncoding = 4; lastKnownFileType = sourcecode.c.objc; path = LPGenericAsyncRoute.m; sourceTree = "<group>"; };
		B16321F615BC200300408364 /* LPKeyboardRoute.h */ = {isa = PBXFileReference; fileEncoding = 4; lastKnownFileType = sourcecode.c.h; path = LPKeyboardRoute.h; sourceTree = "<group>"; };
		B16321F715BC200300408364 /* LPKeyboardRoute.m */ = {isa = PBXFileReference; fileEncoding = 4; lastKnownFileType = sourcecode.c.objc; path = LPKeyboardRoute.m; sourceTree = "<group>"; };
		B16C307D15191A8C00DAA3FA /* .gitignore */ = {isa = PBXFileReference; fileEncoding = 4; lastKnownFileType = text; path = .gitignore; sourceTree = "<group>"; };
		B16C307F15191A8C00DAA3FA /* calabash-min.js */ = {isa = PBXFileReference; fileEncoding = 4; lastKnownFileType = sourcecode.javascript; path = "calabash-min.js"; sourceTree = "<group>"; };
		B16C308015191A8C00DAA3FA /* set_text-min.js */ = {isa = PBXFileReference; fileEncoding = 4; lastKnownFileType = sourcecode.javascript; path = "set_text-min.js"; sourceTree = "<group>"; };
		B16C308115191A8C00DAA3FA /* build.sh */ = {isa = PBXFileReference; fileEncoding = 4; lastKnownFileType = text.script.sh; path = build.sh; sourceTree = "<group>"; };
		B16C308315191A8C00DAA3FA /* yuicompressor-2.4.7.jar */ = {isa = PBXFileReference; lastKnownFileType = archive.jar; path = "yuicompressor-2.4.7.jar"; sourceTree = "<group>"; };
		B16C308415191A8C00DAA3FA /* README */ = {isa = PBXFileReference; fileEncoding = 4; lastKnownFileType = text; path = README; sourceTree = "<group>"; };
		B16C308615191A8C00DAA3FA /* calabash.js */ = {isa = PBXFileReference; fileEncoding = 4; lastKnownFileType = sourcecode.javascript; path = calabash.js; sourceTree = "<group>"; };
		B16C308715191A8C00DAA3FA /* set_text.js */ = {isa = PBXFileReference; fileEncoding = 4; lastKnownFileType = sourcecode.javascript; path = set_text.js; sourceTree = "<group>"; };
		B17E756D15D433A40066550B /* libcalabash.a */ = {isa = PBXFileReference; explicitFileType = archive.ar; includeInIndex = 0; path = libcalabash.a; sourceTree = BUILT_PRODUCTS_DIR; };
		B17E757A15D434D00066550B /* CFNetwork.framework */ = {isa = PBXFileReference; lastKnownFileType = wrapper.framework; name = CFNetwork.framework; path = System/Library/Frameworks/CFNetwork.framework; sourceTree = SDKROOT; };
		B184FD8714B6DAE1002A744C /* CalabashServer.m */ = {isa = PBXFileReference; fileEncoding = 4; lastKnownFileType = sourcecode.c.objc; lineEnding = 0; path = CalabashServer.m; sourceTree = "<group>"; };
		B184FD8814B6DAE1002A744C /* CalabashServer.h */ = {isa = PBXFileReference; fileEncoding = 4; lastKnownFileType = sourcecode.c.h; lineEnding = 0; path = CalabashServer.h; sourceTree = "<group>"; };
		B184FD8B14B6DAFB002A744C /* LPCDataScanner.h */ = {isa = PBXFileReference; fileEncoding = 4; lastKnownFileType = sourcecode.c.h; path = LPCDataScanner.h; sourceTree = "<group>"; };
		B184FD8C14B6DAFB002A744C /* LPCDataScanner.m */ = {isa = PBXFileReference; fileEncoding = 4; lastKnownFileType = sourcecode.c.objc; path = LPCDataScanner.m; sourceTree = "<group>"; };
		B184FD9014B6DB2B002A744C /* GCDAsyncSocket.h */ = {isa = PBXFileReference; fileEncoding = 4; lastKnownFileType = sourcecode.c.h; path = GCDAsyncSocket.h; sourceTree = "<group>"; };
		B184FD9114B6DB2B002A744C /* GCDAsyncSocket.m */ = {isa = PBXFileReference; fileEncoding = 4; lastKnownFileType = sourcecode.c.objc; path = GCDAsyncSocket.m; sourceTree = "<group>"; };
		B184FDBD14B6DB2B002A744C /* LPI.mm */ = {isa = PBXFileReference; fileEncoding = 4; lastKnownFileType = sourcecode.cpp.objcpp; path = LPI.mm; sourceTree = "<group>"; };
		B184FDBE14B6DB2B002A744C /* LPRoute.h */ = {isa = PBXFileReference; fileEncoding = 4; lastKnownFileType = sourcecode.c.h; path = LPRoute.h; sourceTree = "<group>"; };
		B184FDBF14B6DB2B002A744C /* LPRouter.h */ = {isa = PBXFileReference; fileEncoding = 4; lastKnownFileType = sourcecode.c.h; path = LPRouter.h; sourceTree = "<group>"; };
		B184FDC014B6DB2B002A744C /* LPRouter.m */ = {isa = PBXFileReference; fileEncoding = 4; lastKnownFileType = sourcecode.c.objc; path = LPRouter.m; sourceTree = "<group>"; };
		B184FDC214B6DB2B002A744C /* LPOperation.h */ = {isa = PBXFileReference; fileEncoding = 4; lastKnownFileType = sourcecode.c.h; lineEnding = 0; path = LPOperation.h; sourceTree = "<group>"; };
		B184FDC414B6DB2B002A744C /* LPQueryOperation.h */ = {isa = PBXFileReference; fileEncoding = 4; lastKnownFileType = sourcecode.c.h; path = LPQueryOperation.h; sourceTree = "<group>"; };
		B184FDC514B6DB2B002A744C /* LPQueryOperation.m */ = {isa = PBXFileReference; fileEncoding = 4; lastKnownFileType = sourcecode.c.objc; path = LPQueryOperation.m; sourceTree = "<group>"; };
		B184FDC614B6DB2B002A744C /* LPScrollOperation.h */ = {isa = PBXFileReference; fileEncoding = 4; lastKnownFileType = sourcecode.c.h; path = LPScrollOperation.h; sourceTree = "<group>"; };
		B184FDC714B6DB2B002A744C /* LPScrollOperation.m */ = {isa = PBXFileReference; fileEncoding = 4; lastKnownFileType = sourcecode.c.objc; path = LPScrollOperation.m; sourceTree = "<group>"; };
		B184FDC814B6DB2B002A744C /* LPScrollToRowOperation.h */ = {isa = PBXFileReference; fileEncoding = 4; lastKnownFileType = sourcecode.c.h; path = LPScrollToRowOperation.h; sourceTree = "<group>"; };
		B184FDC914B6DB2B002A744C /* LPScrollToRowOperation.m */ = {isa = PBXFileReference; fileEncoding = 4; lastKnownFileType = sourcecode.c.objc; path = LPScrollToRowOperation.m; sourceTree = "<group>"; };
		B184FDCA14B6DB2B002A744C /* LPSetTextOperation.h */ = {isa = PBXFileReference; fileEncoding = 4; lastKnownFileType = sourcecode.c.h; path = LPSetTextOperation.h; sourceTree = "<group>"; };
		B184FDCB14B6DB2B002A744C /* LPSetTextOperation.m */ = {isa = PBXFileReference; fileEncoding = 4; lastKnownFileType = sourcecode.c.objc; path = LPSetTextOperation.m; sourceTree = "<group>"; };
		B184FDCE14B6DB2B002A744C /* LPRecorder.h */ = {isa = PBXFileReference; fileEncoding = 4; lastKnownFileType = sourcecode.c.h; path = LPRecorder.h; sourceTree = "<group>"; };
		B184FDD214B6DB2B002A744C /* LPMapRoute.m */ = {isa = PBXFileReference; fileEncoding = 4; lastKnownFileType = sourcecode.c.objc; lineEnding = 0; path = LPMapRoute.m; sourceTree = "<group>"; };
		B184FDD314B6DB2B002A744C /* LPNoContentResponse.h */ = {isa = PBXFileReference; fileEncoding = 4; lastKnownFileType = sourcecode.c.h; lineEnding = 0; path = LPNoContentResponse.h; sourceTree = "<group>"; };
		B184FDD414B6DB2B002A744C /* LPNoContentResponse.m */ = {isa = PBXFileReference; fileEncoding = 4; lastKnownFileType = sourcecode.c.objc; lineEnding = 0; path = LPNoContentResponse.m; sourceTree = "<group>"; };
		B184FDD514B6DB2B002A744C /* LPPlaybackRoute.h */ = {isa = PBXFileReference; fileEncoding = 4; lastKnownFileType = sourcecode.c.h; path = LPPlaybackRoute.h; sourceTree = "<group>"; };
		B184FDD714B6DB2B002A744C /* LPRecordRoute.h */ = {isa = PBXFileReference; fileEncoding = 4; lastKnownFileType = sourcecode.c.h; lineEnding = 0; path = LPRecordRoute.h; sourceTree = "<group>"; };
		B184FDDB14B6DB2B002A744C /* LPScreenshotRoute.h */ = {isa = PBXFileReference; fileEncoding = 4; lastKnownFileType = sourcecode.c.h; path = LPScreenshotRoute.h; sourceTree = "<group>"; };
		B184FDDE14B6DB2B002A744C /* CDataScanner_Extensions.h */ = {isa = PBXFileReference; fileEncoding = 4; lastKnownFileType = sourcecode.c.h; path = CDataScanner_Extensions.h; sourceTree = "<group>"; };
		B184FDDF14B6DB2B002A744C /* CDataScanner_Extensions.m */ = {isa = PBXFileReference; fileEncoding = 4; lastKnownFileType = sourcecode.c.objc; path = CDataScanner_Extensions.m; sourceTree = "<group>"; };
		B184FDE014B6DB2B002A744C /* LPCJSONDeserializer.h */ = {isa = PBXFileReference; fileEncoding = 4; lastKnownFileType = sourcecode.c.h; path = LPCJSONDeserializer.h; sourceTree = "<group>"; };
		B184FDE214B6DB2B002A744C /* LPCJSONScanner.h */ = {isa = PBXFileReference; fileEncoding = 4; lastKnownFileType = sourcecode.c.h; path = LPCJSONScanner.h; sourceTree = "<group>"; };
		B184FDE314B6DB2B002A744C /* LPCJSONScanner.m */ = {isa = PBXFileReference; fileEncoding = 4; lastKnownFileType = sourcecode.c.objc; path = LPCJSONScanner.m; sourceTree = "<group>"; };
		B184FDE414B6DB2B002A744C /* LPCJSONSerializer.h */ = {isa = PBXFileReference; fileEncoding = 4; lastKnownFileType = sourcecode.c.h; path = LPCJSONSerializer.h; sourceTree = "<group>"; };
		B184FDE514B6DB2B002A744C /* LPCJSONSerializer.m */ = {isa = PBXFileReference; fileEncoding = 4; lastKnownFileType = sourcecode.c.objc; path = LPCJSONSerializer.m; sourceTree = "<group>"; };
		B184FDE614B6DB2B002A744C /* LPJSONRepresentation.h */ = {isa = PBXFileReference; fileEncoding = 4; lastKnownFileType = sourcecode.c.h; path = LPJSONRepresentation.h; sourceTree = "<group>"; };
		B184FDF614B6DB2B002A744C /* LPResources.h */ = {isa = PBXFileReference; fileEncoding = 4; lastKnownFileType = sourcecode.c.h; path = LPResources.h; sourceTree = "<group>"; };
		B184FDF714B6DB2B002A744C /* LPResources.m */ = {isa = PBXFileReference; fileEncoding = 4; lastKnownFileType = sourcecode.c.objc; path = LPResources.m; sourceTree = "<group>"; };
		B184FDF914B6DB2B002A744C /* UIScriptAST.h */ = {isa = PBXFileReference; fileEncoding = 4; lastKnownFileType = sourcecode.c.h; path = UIScriptAST.h; sourceTree = "<group>"; };
		B184FDFA14B6DB2B002A744C /* UIScriptAST.m */ = {isa = PBXFileReference; fileEncoding = 4; lastKnownFileType = sourcecode.c.objc; path = UIScriptAST.m; sourceTree = "<group>"; };
		B184FDFB14B6DB2B002A744C /* UIScriptASTALL.h */ = {isa = PBXFileReference; fileEncoding = 4; lastKnownFileType = sourcecode.c.h; path = UIScriptASTALL.h; sourceTree = "<group>"; };
		B184FDFC14B6DB2B002A744C /* UIScriptASTALL.m */ = {isa = PBXFileReference; fileEncoding = 4; lastKnownFileType = sourcecode.c.objc; path = UIScriptASTALL.m; sourceTree = "<group>"; };
		B184FDFD14B6DB2B002A744C /* UIScriptASTClassName.h */ = {isa = PBXFileReference; fileEncoding = 4; lastKnownFileType = sourcecode.c.h; lineEnding = 0; path = UIScriptASTClassName.h; sourceTree = "<group>"; };
		B184FDFE14B6DB2B002A744C /* UIScriptASTClassName.m */ = {isa = PBXFileReference; fileEncoding = 4; lastKnownFileType = sourcecode.c.objc; lineEnding = 0; path = UIScriptASTClassName.m; sourceTree = "<group>"; };
		B184FDFF14B6DB2B002A744C /* UIScriptASTDirection.h */ = {isa = PBXFileReference; fileEncoding = 4; lastKnownFileType = sourcecode.c.h; lineEnding = 0; path = UIScriptASTDirection.h; sourceTree = "<group>"; };
		B184FE0014B6DB2B002A744C /* UIScriptASTDirection.m */ = {isa = PBXFileReference; fileEncoding = 4; lastKnownFileType = sourcecode.c.objc; lineEnding = 0; path = UIScriptASTDirection.m; sourceTree = "<group>"; };
		B184FE0114B6DB2B002A744C /* UIScriptASTFirst.h */ = {isa = PBXFileReference; fileEncoding = 4; lastKnownFileType = sourcecode.c.h; path = UIScriptASTFirst.h; sourceTree = "<group>"; };
		B184FE0214B6DB2B002A744C /* UIScriptASTFirst.m */ = {isa = PBXFileReference; fileEncoding = 4; lastKnownFileType = sourcecode.c.objc; path = UIScriptASTFirst.m; sourceTree = "<group>"; };
		B184FE0314B6DB2B002A744C /* UIScriptASTIndex.h */ = {isa = PBXFileReference; fileEncoding = 4; lastKnownFileType = sourcecode.c.h; lineEnding = 0; path = UIScriptASTIndex.h; sourceTree = "<group>"; };
		B184FE0414B6DB2B002A744C /* UIScriptASTIndex.m */ = {isa = PBXFileReference; fileEncoding = 4; lastKnownFileType = sourcecode.c.objc; lineEnding = 0; path = UIScriptASTIndex.m; sourceTree = "<group>"; };
		B184FE0514B6DB2B002A744C /* UIScriptASTLast.h */ = {isa = PBXFileReference; fileEncoding = 4; lastKnownFileType = sourcecode.c.h; path = UIScriptASTLast.h; sourceTree = "<group>"; };
		B184FE0614B6DB2B002A744C /* UIScriptASTLast.m */ = {isa = PBXFileReference; fileEncoding = 4; lastKnownFileType = sourcecode.c.objc; path = UIScriptASTLast.m; sourceTree = "<group>"; };
		B184FE0714B6DB2B002A744C /* UIScriptASTWith.h */ = {isa = PBXFileReference; fileEncoding = 4; lastKnownFileType = sourcecode.c.h; lineEnding = 0; path = UIScriptASTWith.h; sourceTree = "<group>"; };
		B184FE0814B6DB2B002A744C /* UIScriptASTWith.m */ = {isa = PBXFileReference; fileEncoding = 4; lastKnownFileType = sourcecode.c.objc; lineEnding = 0; path = UIScriptASTWith.m; sourceTree = "<group>"; };
		B184FE0914B6DB2B002A744C /* UIScriptParser.h */ = {isa = PBXFileReference; fileEncoding = 4; lastKnownFileType = sourcecode.c.h; lineEnding = 0; path = UIScriptParser.h; sourceTree = "<group>"; };
		B184FE0A14B6DB2B002A744C /* UIScriptParser.m */ = {isa = PBXFileReference; fileEncoding = 4; lastKnownFileType = sourcecode.c.objc; lineEnding = 0; path = UIScriptParser.m; sourceTree = "<group>"; };
		B184FE0C14B6DB2B002A744C /* LPJSONUtils.h */ = {isa = PBXFileReference; fileEncoding = 4; lastKnownFileType = sourcecode.c.h; lineEnding = 0; path = LPJSONUtils.h; sourceTree = "<group>"; };
		B184FE0D14B6DB2B002A744C /* LPJSONUtils.m */ = {isa = PBXFileReference; fileEncoding = 4; lastKnownFileType = sourcecode.c.objc; lineEnding = 0; path = LPJSONUtils.m; sourceTree = "<group>"; };
		B184FE0E14B6DB2B002A744C /* LPTouchUtils.h */ = {isa = PBXFileReference; fileEncoding = 4; lastKnownFileType = sourcecode.c.h; path = LPTouchUtils.h; sourceTree = "<group>"; };
		B184FE0F14B6DB2B002A744C /* LPTouchUtils.m */ = {isa = PBXFileReference; fileEncoding = 4; lastKnownFileType = sourcecode.c.objc; path = LPTouchUtils.m; sourceTree = "<group>"; };
		B184FE8714B6DBAC002A744C /* LPRecorder.m */ = {isa = PBXFileReference; fileEncoding = 4; lastKnownFileType = sourcecode.c.objc; path = LPRecorder.m; sourceTree = "<group>"; };
		B184FE8914B6DC7F002A744C /* LPMapRoute.h */ = {isa = PBXFileReference; fileEncoding = 4; lastKnownFileType = sourcecode.c.h; lineEnding = 0; path = LPMapRoute.h; sourceTree = "<group>"; };
		B184FE8A14B6DC7F002A744C /* LPPlaybackRoute.m */ = {isa = PBXFileReference; fileEncoding = 4; lastKnownFileType = sourcecode.c.objc; path = LPPlaybackRoute.m; sourceTree = "<group>"; };
		B184FE8B14B6DC7F002A744C /* LPRecordRoute.m */ = {isa = PBXFileReference; fileEncoding = 4; lastKnownFileType = sourcecode.c.objc; path = LPRecordRoute.m; sourceTree = "<group>"; };
		B184FE9014B6DD33002A744C /* LPScreenshotRoute.m */ = {isa = PBXFileReference; fileEncoding = 4; lastKnownFileType = sourcecode.c.objc; path = LPScreenshotRoute.m; sourceTree = "<group>"; };
		B184FE9214B6DDA1002A744C /* LPOperation.m */ = {isa = PBXFileReference; fileEncoding = 4; lastKnownFileType = sourcecode.c.objc; lineEnding = 0; path = LPOperation.m; sourceTree = "<group>"; };
		B184FE9614B6F64A002A744C /* LPCJSONDeserializer.m */ = {isa = PBXFileReference; fileEncoding = 4; lastKnownFileType = sourcecode.c.objc; path = LPCJSONDeserializer.m; sourceTree = "<group>"; };
		B1914DB7159C228500CB928D /* LPWebQuery.h */ = {isa = PBXFileReference; fileEncoding = 4; lastKnownFileType = sourcecode.c.h; path = LPWebQuery.h; sourceTree = "<group>"; };
		B1914DB8159C228500CB928D /* LPWebQuery.m */ = {isa = PBXFileReference; fileEncoding = 4; lastKnownFileType = sourcecode.c.objc; path = LPWebQuery.m; sourceTree = "<group>"; };
		B1B19DC616D162CF00D3D80B /* UIScriptASTVisibility.h */ = {isa = PBXFileReference; fileEncoding = 4; lastKnownFileType = sourcecode.c.h; path = UIScriptASTVisibility.h; sourceTree = "<group>"; };
		B1B19DC716D162CF00D3D80B /* UIScriptASTVisibility.m */ = {isa = PBXFileReference; fileEncoding = 4; lastKnownFileType = sourcecode.c.objc; path = UIScriptASTVisibility.m; sourceTree = "<group>"; };
		B1DDE6C915C06CB500BBE2BE /* LPUIARoute.h */ = {isa = PBXFileReference; fileEncoding = 4; lastKnownFileType = sourcecode.c.h; path = LPUIARoute.h; sourceTree = "<group>"; };
		B1DDE6CA15C06CB500BBE2BE /* LPUIARoute.m */ = {isa = PBXFileReference; fileEncoding = 4; lastKnownFileType = sourcecode.c.objc; path = LPUIARoute.m; sourceTree = "<group>"; };
		B1DDE6CB15C06CB500BBE2BE /* LPUserPrefRoute.h */ = {isa = PBXFileReference; fileEncoding = 4; lastKnownFileType = sourcecode.c.h; path = LPUserPrefRoute.h; sourceTree = "<group>"; };
		B1DDE6CC15C06CB500BBE2BE /* LPUserPrefRoute.m */ = {isa = PBXFileReference; fileEncoding = 4; lastKnownFileType = sourcecode.c.objc; path = LPUserPrefRoute.m; sourceTree = "<group>"; };
		B1DDE6D115C0701D00BBE2BE /* UIAutomation.h */ = {isa = PBXFileReference; fileEncoding = 4; lastKnownFileType = sourcecode.c.h; path = UIAutomation.h; sourceTree = "<group>"; };
		B1E3603814D9F4B30087D8D9 /* UIScriptASTPredicate.h */ = {isa = PBXFileReference; fileEncoding = 4; lastKnownFileType = sourcecode.c.h; path = UIScriptASTPredicate.h; sourceTree = "<group>"; };
		B1E3603914D9F4B30087D8D9 /* UIScriptASTPredicate.m */ = {isa = PBXFileReference; fileEncoding = 4; lastKnownFileType = sourcecode.c.objc; path = UIScriptASTPredicate.m; sourceTree = "<group>"; };
		B1EBF08416EE63A000AE4D40 /* LPAppPropertyRoute.h */ = {isa = PBXFileReference; fileEncoding = 4; lastKnownFileType = sourcecode.c.h; path = LPAppPropertyRoute.h; sourceTree = "<group>"; };
		B1EBF08516EE63A000AE4D40 /* LPAppPropertyRoute.m */ = {isa = PBXFileReference; fileEncoding = 4; lastKnownFileType = sourcecode.c.objc; path = LPAppPropertyRoute.m; sourceTree = "<group>"; };
		B1EBF08616EE63A000AE4D40 /* LPQueryLogRoute.h */ = {isa = PBXFileReference; fileEncoding = 4; lastKnownFileType = sourcecode.c.h; path = LPQueryLogRoute.h; sourceTree = "<group>"; };
		B1EBF08716EE63A000AE4D40 /* LPQueryLogRoute.m */ = {isa = PBXFileReference; fileEncoding = 4; lastKnownFileType = sourcecode.c.objc; path = LPQueryLogRoute.m; sourceTree = "<group>"; };
		B1FF22B215CF002500F3A17B /* MKMapView+Test.h */ = {isa = PBXFileReference; fileEncoding = 4; lastKnownFileType = sourcecode.c.h; path = "MKMapView+Test.h"; sourceTree = "<group>"; };
		B1FF22B315CF002500F3A17B /* MKMapView+Test.m */ = {isa = PBXFileReference; fileEncoding = 4; lastKnownFileType = sourcecode.c.objc; path = "MKMapView+Test.m"; sourceTree = "<group>"; };
		B1FF22B415CF002500F3A17B /* MKMapView+ZoomLevel.h */ = {isa = PBXFileReference; fileEncoding = 4; lastKnownFileType = sourcecode.c.h; path = "MKMapView+ZoomLevel.h"; sourceTree = "<group>"; };
		B1FF22B515CF002500F3A17B /* MKMapView+ZoomLevel.m */ = {isa = PBXFileReference; fileEncoding = 4; lastKnownFileType = sourcecode.c.objc; path = "MKMapView+ZoomLevel.m"; sourceTree = "<group>"; };
		B1FF22B615CF002500F3A17B /* MKPolylineView+Test.h */ = {isa = PBXFileReference; fileEncoding = 4; lastKnownFileType = sourcecode.c.h; path = "MKPolylineView+Test.h"; sourceTree = "<group>"; };
		B1FF22B715CF002500F3A17B /* MKPolylineView+Test.m */ = {isa = PBXFileReference; fileEncoding = 4; lastKnownFileType = sourcecode.c.objc; path = "MKPolylineView+Test.m"; sourceTree = "<group>"; };
/* End PBXFileReference section */

/* Begin PBXFrameworksBuildPhase section */
		B17E756A15D433A40066550B /* Frameworks */ = {
			isa = PBXFrameworksBuildPhase;
			buildActionMask = 2147483647;
			files = (
				B17E757B15D434D00066550B /* CFNetwork.framework in Frameworks */,
				B17E756E15D433A40066550B /* Foundation.framework in Frameworks */,
			);
			runOnlyForDeploymentPostprocessing = 0;
		};
/* End PBXFrameworksBuildPhase section */

/* Begin PBXGroup section */
		B116C98214E5214600663205 /* Categories */ = {
			isa = PBXGroup;
			children = (
				B116C98314E5215800663205 /* DDData.h */,
				B116C98414E5215800663205 /* DDData.m */,
				B116C98514E5215800663205 /* DDNumber.h */,
				B116C98614E5215800663205 /* DDNumber.m */,
				B116C98714E5215800663205 /* DDRange.h */,
				B116C98814E5215800663205 /* DDRange.m */,
			);
			name = Categories;
			path = ../../../../../Projects/private/RFood/FoodFinder/CocoaHttpServer/Categories;
			sourceTree = "<group>";
		};
		B121E78614B6D9FB0034C6A9 = {
			isa = PBXGroup;
			children = (
				B12179A6165D613100B6DA43 /* LPScreenshotRoute2.h */,
				B12179A7165D613100B6DA43 /* LPScreenshotRoute2.m */,
				B16C307C15191A8C00DAA3FA /* calabash-js */,
				B121E79914B6D9FB0034C6A9 /* calabash */,
				B121E79614B6D9FB0034C6A9 /* Frameworks */,
				B121E79514B6D9FB0034C6A9 /* Products */,
			);
			sourceTree = "<group>";
		};
		B121E79514B6D9FB0034C6A9 /* Products */ = {
			isa = PBXGroup;
			children = (
				B17E756D15D433A40066550B /* libcalabash.a */,
			);
			name = Products;
			sourceTree = "<group>";
		};
		B121E79614B6D9FB0034C6A9 /* Frameworks */ = {
			isa = PBXGroup;
			children = (
				B17E757A15D434D00066550B /* CFNetwork.framework */,
				B121E79714B6D9FB0034C6A9 /* Foundation.framework */,
			);
			name = Frameworks;
			sourceTree = "<group>";
		};
		B121E79914B6D9FB0034C6A9 /* calabash */ = {
			isa = PBXGroup;
			children = (
				B184FD8514B6DACA002A744C /* Classes */,
				B121E79A14B6D9FB0034C6A9 /* Supporting Files */,
			);
			path = calabash;
			sourceTree = "<group>";
		};
		B121E79A14B6D9FB0034C6A9 /* Supporting Files */ = {
			isa = PBXGroup;
			children = (
				B121E79B14B6D9FB0034C6A9 /* calabash-Info.plist */,
				B121E79C14B6D9FB0034C6A9 /* InfoPlist.strings */,
				B121E79F14B6D9FB0034C6A9 /* calabash-Prefix.pch */,
			);
			name = "Supporting Files";
			sourceTree = "<group>";
		};
		B16C307C15191A8C00DAA3FA /* calabash-js */ = {
			isa = PBXGroup;
			children = (
				B1914DA6159C228500CB928D /* CalabashJS */,
				B16C307D15191A8C00DAA3FA /* .gitignore */,
				B16C307E15191A8C00DAA3FA /* build */,
				B16C308115191A8C00DAA3FA /* build.sh */,
				B16C308215191A8C00DAA3FA /* deps */,
				B16C308415191A8C00DAA3FA /* README */,
				B16C308515191A8C00DAA3FA /* src */,
			);
			path = "calabash-js";
			sourceTree = "<group>";
		};
		B16C307E15191A8C00DAA3FA /* build */ = {
			isa = PBXGroup;
			children = (
				B16C307F15191A8C00DAA3FA /* calabash-min.js */,
				B16C308015191A8C00DAA3FA /* set_text-min.js */,
			);
			path = build;
			sourceTree = "<group>";
		};
		B16C308215191A8C00DAA3FA /* deps */ = {
			isa = PBXGroup;
			children = (
				B16C308315191A8C00DAA3FA /* yuicompressor-2.4.7.jar */,
			);
			path = deps;
			sourceTree = "<group>";
		};
		B16C308515191A8C00DAA3FA /* src */ = {
			isa = PBXGroup;
			children = (
				B16C308615191A8C00DAA3FA /* calabash.js */,
				B16C308715191A8C00DAA3FA /* set_text.js */,
			);
			path = src;
			sourceTree = "<group>";
		};
		B184FD8514B6DACA002A744C /* Classes */ = {
			isa = PBXGroup;
			children = (
				B1FF22B115CF002500F3A17B /* MapKit */,
				B184FD8F14B6DB2B002A744C /* CocoaAsyncSocket */,
				B184FD9214B6DB2B002A744C /* CocoaHttpServer */,
				B184FDBC14B6DB2B002A744C /* FranklyServer */,
				B184FDDD14B6DB2B002A744C /* JSON */,
				B184FDF514B6DB2B002A744C /* Resources */,
				B184FDF814B6DB2B002A744C /* UISpec */,
				B184FE0B14B6DB2B002A744C /* Utils */,
				B184FD8B14B6DAFB002A744C /* LPCDataScanner.h */,
				B184FD8C14B6DAFB002A744C /* LPCDataScanner.m */,
				B184FD8714B6DAE1002A744C /* CalabashServer.m */,
				B184FD8814B6DAE1002A744C /* CalabashServer.h */,
			);
			path = Classes;
			sourceTree = "<group>";
		};
		B184FD8F14B6DB2B002A744C /* CocoaAsyncSocket */ = {
			isa = PBXGroup;
			children = (
				B184FD9014B6DB2B002A744C /* GCDAsyncSocket.h */,
				B184FD9114B6DB2B002A744C /* GCDAsyncSocket.m */,
			);
			path = CocoaAsyncSocket;
			sourceTree = "<group>";
		};
		B184FD9214B6DB2B002A744C /* CocoaHttpServer */ = {
			isa = PBXGroup;
			children = (
				B116C9B214E6565500663205 /* LPHTTPAuthenticationRequest.h */,
				B116C9B314E6565500663205 /* LPHTTPAuthenticationRequest.m */,
				B116C9B414E6565500663205 /* LPHTTPConnection.h */,
				B116C9B514E6565500663205 /* LPHTTPConnection.m */,
				B116C9B614E6565500663205 /* LPHTTPLogging.h */,
				B116C9B714E6565500663205 /* LPHTTPMessage.h */,
				B116C9B814E6565500663205 /* LPHTTPMessage.m */,
				B116C9B914E6565500663205 /* LPHTTPResponse.h */,
				B116C9BA14E6565500663205 /* LPHTTPServer.h */,
				B116C9BB14E6565500663205 /* LPHTTPServer.m */,
				B116C98214E5214600663205 /* Categories */,
				B184FDA414B6DB2B002A744C /* Responses */,
			);
			path = CocoaHttpServer;
			sourceTree = "<group>";
		};
		B184FDA414B6DB2B002A744C /* Responses */ = {
			isa = PBXGroup;
			children = (
				B116C99E14E6564200663205 /* LPHTTPAsyncFileResponse.h */,
				B116C99F14E6564200663205 /* LPHTTPAsyncFileResponse.m */,
				B116C9A014E6564200663205 /* LPHTTPDataResponse.h */,
				B116C9A114E6564200663205 /* LPHTTPDataResponse.m */,
				B116C9A214E6564200663205 /* LPHTTPDynamicFileResponse.h */,
				B116C9A314E6564200663205 /* LPHTTPDynamicFileResponse.m */,
				B116C9A414E6564200663205 /* LPHTTPFileResponse.h */,
				B116C9A514E6564200663205 /* LPHTTPFileResponse.m */,
				B116C9A614E6564200663205 /* LPHTTPRedirectResponse.h */,
				B116C9A714E6564200663205 /* LPHTTPRedirectResponse.m */,
			);
			path = Responses;
			sourceTree = "<group>";
		};
		B184FDBC14B6DB2B002A744C /* FranklyServer */ = {
			isa = PBXGroup;
			children = (
				B184FDBD14B6DB2B002A744C /* LPI.mm */,
				B184FDBE14B6DB2B002A744C /* LPRoute.h */,
				B184FDBF14B6DB2B002A744C /* LPRouter.h */,
				B184FDC014B6DB2B002A744C /* LPRouter.m */,
				B184FDC114B6DB2B002A744C /* Operations */,
				B184FDCE14B6DB2B002A744C /* LPRecorder.h */,
				B184FE8714B6DBAC002A744C /* LPRecorder.m */,
				B184FDD014B6DB2B002A744C /* Routes */,
			);
			path = FranklyServer;
			sourceTree = "<group>";
		};
		B184FDC114B6DB2B002A744C /* Operations */ = {
			isa = PBXGroup;
			children = (
				B15DA5E315C5D80A009E6CFE /* LPQueryAllOperation.h */,
				B15DA5E415C5D80A009E6CFE /* LPQueryAllOperation.m */,
				B184FDC214B6DB2B002A744C /* LPOperation.h */,
				B184FE9214B6DDA1002A744C /* LPOperation.m */,
				B184FDC414B6DB2B002A744C /* LPQueryOperation.h */,
				B184FDC514B6DB2B002A744C /* LPQueryOperation.m */,
				B184FDC614B6DB2B002A744C /* LPScrollOperation.h */,
				B184FDC714B6DB2B002A744C /* LPScrollOperation.m */,
				B184FDC814B6DB2B002A744C /* LPScrollToRowOperation.h */,
				B184FDC914B6DB2B002A744C /* LPScrollToRowOperation.m */,
				B184FDCA14B6DB2B002A744C /* LPSetTextOperation.h */,
				B184FDCB14B6DB2B002A744C /* LPSetTextOperation.m */,
			);
			path = Operations;
			sourceTree = "<group>";
		};
		B184FDD014B6DB2B002A744C /* Routes */ = {
			isa = PBXGroup;
			children = (
				B1EBF08416EE63A000AE4D40 /* LPAppPropertyRoute.h */,
				B1EBF08516EE63A000AE4D40 /* LPAppPropertyRoute.m */,
				B1EBF08616EE63A000AE4D40 /* LPQueryLogRoute.h */,
				B1EBF08716EE63A000AE4D40 /* LPQueryLogRoute.m */,
				B1DDE6C915C06CB500BBE2BE /* LPUIARoute.h */,
				B1DDE6CA15C06CB500BBE2BE /* LPUIARoute.m */,
				B1DDE6CB15C06CB500BBE2BE /* LPUserPrefRoute.h */,
				B1DDE6CC15C06CB500BBE2BE /* LPUserPrefRoute.m */,
				B16321F615BC200300408364 /* LPKeyboardRoute.h */,
				B16321F715BC200300408364 /* LPKeyboardRoute.m */,
				B16321F215BC1ECD00408364 /* LPGenericAsyncRoute.h */,
				B16321F315BC1ECD00408364 /* LPGenericAsyncRoute.m */,
				B163213315BBF13200408364 /* LPConditionRoute.h */,
				B163213415BBF13200408364 /* LPConditionRoute.m */,
				B12A04001511546F002FA032 /* LPInterpolateRoute.h */,
				B12A04011511546F002FA032 /* LPInterpolateRoute.m */,
				B184FE8914B6DC7F002A744C /* LPMapRoute.h */,
				B184FDD514B6DB2B002A744C /* LPPlaybackRoute.h */,
				B184FE8A14B6DC7F002A744C /* LPPlaybackRoute.m */,
				B184FDD714B6DB2B002A744C /* LPRecordRoute.h */,
				B184FE8B14B6DC7F002A744C /* LPRecordRoute.m */,
				B184FDD214B6DB2B002A744C /* LPMapRoute.m */,
				B184FDD314B6DB2B002A744C /* LPNoContentResponse.h */,
				B184FDD414B6DB2B002A744C /* LPNoContentResponse.m */,
				B184FDDB14B6DB2B002A744C /* LPScreenshotRoute.h */,
				B184FE9014B6DD33002A744C /* LPScreenshotRoute.m */,
				B111321514D5837900982BBC /* LPAsyncPlaybackRoute.h */,
				B111321614D5837900982BBC /* LPAsyncPlaybackRoute.m */,
				B160E8ED15321D8F00F69E7A /* LPBackdoorRoute.h */,
				B160E8EE15321D8F00F69E7A /* LPBackdoorRoute.m */,
				692D779E1657010000DE3E53 /* LPExitRoute.h */,
				692D779F1657010000DE3E53 /* LPExitRoute.m */,
				B153F55A15949F3D00867E12 /* LPVersionRoute.h */,
				B153F55B15949F3D00867E12 /* LPVersionRoute.m */,
			);
			path = Routes;
			sourceTree = "<group>";
		};
		B184FDDD14B6DB2B002A744C /* JSON */ = {
			isa = PBXGroup;
			children = (
				B13B29231627389500433F6C /* LPISO8601DateFormatter.h */,
				B13B29241627389500433F6C /* LPISO8601DateFormatter.m */,
				B184FDDE14B6DB2B002A744C /* CDataScanner_Extensions.h */,
				B184FDDF14B6DB2B002A744C /* CDataScanner_Extensions.m */,
				B184FDE014B6DB2B002A744C /* LPCJSONDeserializer.h */,
				B184FE9614B6F64A002A744C /* LPCJSONDeserializer.m */,
				B184FDE214B6DB2B002A744C /* LPCJSONScanner.h */,
				B184FDE314B6DB2B002A744C /* LPCJSONScanner.m */,
				B184FDE414B6DB2B002A744C /* LPCJSONSerializer.h */,
				B184FDE514B6DB2B002A744C /* LPCJSONSerializer.m */,
				B184FDE614B6DB2B002A744C /* LPJSONRepresentation.h */,
			);
			path = JSON;
			sourceTree = "<group>";
		};
		B184FDF514B6DB2B002A744C /* Resources */ = {
			isa = PBXGroup;
			children = (
				B184FDF614B6DB2B002A744C /* LPResources.h */,
				B184FDF714B6DB2B002A744C /* LPResources.m */,
			);
			path = Resources;
			sourceTree = "<group>";
		};
		B184FDF814B6DB2B002A744C /* UISpec */ = {
			isa = PBXGroup;
			children = (
				B1B19DC616D162CF00D3D80B /* UIScriptASTVisibility.h */,
				B1B19DC716D162CF00D3D80B /* UIScriptASTVisibility.m */,
				B1E3603814D9F4B30087D8D9 /* UIScriptASTPredicate.h */,
				B1E3603914D9F4B30087D8D9 /* UIScriptASTPredicate.m */,
				B184FDF914B6DB2B002A744C /* UIScriptAST.h */,
				B184FDFA14B6DB2B002A744C /* UIScriptAST.m */,
				B184FDFB14B6DB2B002A744C /* UIScriptASTALL.h */,
				B184FDFC14B6DB2B002A744C /* UIScriptASTALL.m */,
				B184FDFD14B6DB2B002A744C /* UIScriptASTClassName.h */,
				B184FDFE14B6DB2B002A744C /* UIScriptASTClassName.m */,
				B184FDFF14B6DB2B002A744C /* UIScriptASTDirection.h */,
				B184FE0014B6DB2B002A744C /* UIScriptASTDirection.m */,
				B184FE0114B6DB2B002A744C /* UIScriptASTFirst.h */,
				B184FE0214B6DB2B002A744C /* UIScriptASTFirst.m */,
				B184FE0314B6DB2B002A744C /* UIScriptASTIndex.h */,
				B184FE0414B6DB2B002A744C /* UIScriptASTIndex.m */,
				B184FE0514B6DB2B002A744C /* UIScriptASTLast.h */,
				B184FE0614B6DB2B002A744C /* UIScriptASTLast.m */,
				B184FE0714B6DB2B002A744C /* UIScriptASTWith.h */,
				B184FE0814B6DB2B002A744C /* UIScriptASTWith.m */,
				B184FE0914B6DB2B002A744C /* UIScriptParser.h */,
				B184FE0A14B6DB2B002A744C /* UIScriptParser.m */,
			);
			path = UISpec;
			sourceTree = "<group>";
		};
		B184FE0B14B6DB2B002A744C /* Utils */ = {
			isa = PBXGroup;
			children = (
				B1DDE6D115C0701D00BBE2BE /* UIAutomation.h */,
				B184FE0C14B6DB2B002A744C /* LPJSONUtils.h */,
				B184FE0D14B6DB2B002A744C /* LPJSONUtils.m */,
				B1296FBF15DC1F4B005DDF5C /* LPReflectUtils.h */,
				B1296FC215DC1F5B005DDF5C /* LPReflectUtils.m */,
				B184FE0E14B6DB2B002A744C /* LPTouchUtils.h */,
				B184FE0F14B6DB2B002A744C /* LPTouchUtils.m */,
			);
			path = Utils;
			sourceTree = "<group>";
		};
		B1914DA6159C228500CB928D /* CalabashJS */ = {
			isa = PBXGroup;
			children = (
				B1914DB6159C228500CB928D /* CalabashJSLib */,
			);
			path = CalabashJS;
			sourceTree = "<group>";
		};
		B1914DB6159C228500CB928D /* CalabashJSLib */ = {
			isa = PBXGroup;
			children = (
				B1914DB7159C228500CB928D /* LPWebQuery.h */,
				B1914DB8159C228500CB928D /* LPWebQuery.m */,
			);
			path = CalabashJSLib;
			sourceTree = "<group>";
		};
		B1FF22B115CF002500F3A17B /* MapKit */ = {
			isa = PBXGroup;
			children = (
				B1FF22B215CF002500F3A17B /* MKMapView+Test.h */,
				B1FF22B315CF002500F3A17B /* MKMapView+Test.m */,
				B1FF22B415CF002500F3A17B /* MKMapView+ZoomLevel.h */,
				B1FF22B515CF002500F3A17B /* MKMapView+ZoomLevel.m */,
				B1FF22B615CF002500F3A17B /* MKPolylineView+Test.h */,
				B1FF22B715CF002500F3A17B /* MKPolylineView+Test.m */,
			);
			path = MapKit;
			sourceTree = "<group>";
		};
/* End PBXGroup section */

/* Begin PBXHeadersBuildPhase section */
		B17E75B315D435F20066550B /* Headers */ = {
			isa = PBXHeadersBuildPhase;
			buildActionMask = 2147483647;
			files = (
				B17E75B615D436100066550B /* CalabashServer.h in Headers */,
				B1296FC015DC1F4B005DDF5C /* LPReflectUtils.h in Headers */,
				B13B29251627389500433F6C /* LPISO8601DateFormatter.h in Headers */,
				692D77A01657010000DE3E53 /* LPExitRoute.h in Headers */,
				B12179A8165D613100B6DA43 /* LPScreenshotRoute2.h in Headers */,
				B1B19DC816D162CF00D3D80B /* UIScriptASTVisibility.h in Headers */,
				B1EBF08816EE63A000AE4D40 /* LPAppPropertyRoute.h in Headers */,
				B1EBF08A16EE63A000AE4D40 /* LPQueryLogRoute.h in Headers */,
			);
			runOnlyForDeploymentPostprocessing = 0;
		};
/* End PBXHeadersBuildPhase section */

/* Begin PBXNativeTarget section */
		B17E756C15D433A40066550B /* calabash */ = {
			isa = PBXNativeTarget;
			buildConfigurationList = B17E757615D433A40066550B /* Build configuration list for PBXNativeTarget "calabash" */;
			buildPhases = (
				B17E756915D433A40066550B /* Sources */,
				B17E75B315D435F20066550B /* Headers */,
				B17E756A15D433A40066550B /* Frameworks */,
				B17E756B15D433A40066550B /* CopyFiles */,
				B17E757915D4344F0066550B /* prepare framework */,
			);
			buildRules = (
			);
			dependencies = (
			);
			name = calabash;
			productName = calabash;
			productReference = B17E756D15D433A40066550B /* libcalabash.a */;
			productType = "com.apple.product-type.library.static";
		};
/* End PBXNativeTarget section */

/* Begin PBXProject section */
		B121E78814B6D9FB0034C6A9 /* Project object */ = {
			isa = PBXProject;
			attributes = {
				LastUpgradeCheck = 0460;
				ORGANIZATIONNAME = LessPainful;
			};
			buildConfigurationList = B121E78B14B6D9FB0034C6A9 /* Build configuration list for PBXProject "calabash" */;
			compatibilityVersion = "Xcode 3.2";
			developmentRegion = English;
			hasScannedForEncodings = 0;
			knownRegions = (
				en,
			);
			mainGroup = B121E78614B6D9FB0034C6A9;
			productRefGroup = B121E79514B6D9FB0034C6A9 /* Products */;
			projectDirPath = "";
			projectRoot = "";
			targets = (
				B17E756C15D433A40066550B /* calabash */,
				B17E75B715D4367F0066550B /* Framework */,
			);
		};
/* End PBXProject section */

/* Begin PBXShellScriptBuildPhase section */
		B17E757915D4344F0066550B /* prepare framework */ = {
			isa = PBXShellScriptBuildPhase;
			buildActionMask = 2147483647;
			files = (
			);
			inputPaths = (
			);
			name = "prepare framework";
			outputPaths = (
			);
			runOnlyForDeploymentPostprocessing = 0;
			shellPath = /bin/sh;
			shellScript = "set -e\n\nmkdir -p \"${BUILT_PRODUCTS_DIR}/${PRODUCT_NAME}.framework/Versions/${FRAMEWORK_VERSION}/Headers\"\n\n# Link the \"Current\" version to \"${FRAMEWORK_VERSION}\"\nln -sfh ${FRAMEWORK_VERSION} \"${BUILT_PRODUCTS_DIR}/${PRODUCT_NAME}.framework/Versions/Current\"\nln -sfh Versions/Current/Headers \"${BUILT_PRODUCTS_DIR}/${PRODUCT_NAME}.framework/Headers\"\nln -sfh \"Versions/Current/${PRODUCT_NAME}\" \"${BUILT_PRODUCTS_DIR}/${PRODUCT_NAME}.framework/${PRODUCT_NAME}\"\n\n# The -a ensures that the headers maintain the source modification date so that we don't constantly\n# cause propagating rebuilds of files that import these headers.\ncp -a \"${BUILT_PRODUCTS_DIR}/${PUBLIC_HEADERS_FOLDER_PATH}/\" \"${BUILT_PRODUCTS_DIR}/${PRODUCT_NAME}.framework/Versions/${FRAMEWORK_VERSION}/Headers\"";
		};
		B17E75BD15D436A50066550B /* Framework */ = {
			isa = PBXShellScriptBuildPhase;
			buildActionMask = 2147483647;
			files = (
			);
			inputPaths = (
			);
			name = Framework;
			outputPaths = (
			);
			runOnlyForDeploymentPostprocessing = 0;
			shellPath = /bin/sh;
			shellScript = "set -e\nset +u\n# Avoid recursively calling this script.\nif [[ $SF_MASTER_SCRIPT_RUNNING ]]\nthen\nexit 0\nfi\nset -u\nexport SF_MASTER_SCRIPT_RUNNING=1\n\nSF_TARGET_NAME=${PROJECT_NAME}\nSF_EXECUTABLE_PATH=\"lib${SF_TARGET_NAME}.a\"\nSF_WRAPPER_NAME=\"${SF_TARGET_NAME}.framework\"\n\n# The following conditionals come from\n# https://github.com/kstenerud/iOS-Universal-Framework\n\nif [[ \"$SDK_NAME\" =~ ([A-Za-z]+) ]]\nthen\nSF_SDK_PLATFORM=${BASH_REMATCH[1]}\nelse\necho \"Could not find platform name from SDK_NAME: $SDK_NAME\"\nexit 1\nfi\n\nif [[ \"$SDK_NAME\" =~ ([0-9]+.*$) ]]\nthen\nSF_SDK_VERSION=${BASH_REMATCH[1]}\nelse\necho \"Could not find sdk version from SDK_NAME: $SDK_NAME\"\nexit 1\nfi\n\nif [[ \"$SF_SDK_PLATFORM\" = \"iphoneos\" ]]\nthen\nSF_OTHER_PLATFORM=iphonesimulator\nelse\nSF_OTHER_PLATFORM=iphoneos\nfi\n\nif [[ \"$BUILT_PRODUCTS_DIR\" =~ (.*)$SF_SDK_PLATFORM$ ]]\nthen\nSF_OTHER_BUILT_PRODUCTS_DIR=\"${BASH_REMATCH[1]}${SF_OTHER_PLATFORM}\"\nelse\necho \"Could not find platform name from build products directory: $BUILT_PRODUCTS_DIR\"\nexit 1\nfi\n\n# Build the other platform.\nxcodebuild -project \"${PROJECT_FILE_PATH}\" -target \"${TARGET_NAME}\" -configuration \"${CONFIGURATION}\" -sdk ${SF_OTHER_PLATFORM}${SF_SDK_VERSION} BUILD_DIR=\"${BUILD_DIR}\" OBJROOT=\"${OBJROOT}\" BUILD_ROOT=\"${BUILD_ROOT}\" SYMROOT=\"${SYMROOT}\" $ACTION\n\n# Smash the two static libraries into one fat binary and store it in the .framework\nlipo -create \"${BUILT_PRODUCTS_DIR}/${SF_EXECUTABLE_PATH}\" \"${SF_OTHER_BUILT_PRODUCTS_DIR}/${SF_EXECUTABLE_PATH}\" -output \"${BUILT_PRODUCTS_DIR}/${SF_WRAPPER_NAME}/Versions/${FRAMEWORK_VERSION}/${SF_TARGET_NAME}\"\n\n# Copy the binary to the other architecture folder to have a complete framework in both.\ncp -a \"${BUILT_PRODUCTS_DIR}/${SF_WRAPPER_NAME}/Versions/${FRAMEWORK_VERSION}/${SF_TARGET_NAME}\" \"${SF_OTHER_BUILT_PRODUCTS_DIR}/${SF_WRAPPER_NAME}/Versions/${FRAMEWORK_VERSION}/${SF_TARGET_NAME}\"\n\n# Copy the binary as a libcalabashuni.a file\ncp -a \"${BUILT_PRODUCTS_DIR}/${SF_WRAPPER_NAME}/Versions/${FRAMEWORK_VERSION}/${SF_TARGET_NAME}\" \"${BUILT_PRODUCTS_DIR}/lib${SF_TARGET_NAME}uni.a\"\n\n# Copy the binary as a libcalabashuni.a file\ncp -a \"${BUILT_PRODUCTS_DIR}/${SF_WRAPPER_NAME}/Versions/${FRAMEWORK_VERSION}/${SF_TARGET_NAME}\" \"${SF_OTHER_BUILT_PRODUCTS_DIR}/lib${SF_TARGET_NAME}uni.a\"\n";
		};
/* End PBXShellScriptBuildPhase section */

/* Begin PBXSourcesBuildPhase section */
		B17E756915D433A40066550B /* Sources */ = {
			isa = PBXSourcesBuildPhase;
			buildActionMask = 2147483647;
			files = (
				B17E757C15D4357F0066550B /* LPWebQuery.m in Sources */,
				B17E757D15D4357F0066550B /* GCDAsyncSocket.m in Sources */,
				B17E757E15D4357F0066550B /* LPHTTPAuthenticationRequest.m in Sources */,
				B17E757F15D4357F0066550B /* LPHTTPConnection.m in Sources */,
				B17E758015D4357F0066550B /* LPHTTPMessage.m in Sources */,
				B17E758115D4357F0066550B /* LPHTTPServer.m in Sources */,
				B17E758215D4357F0066550B /* DDData.m in Sources */,
				B17E758315D4357F0066550B /* DDNumber.m in Sources */,
				B17E758415D4357F0066550B /* DDRange.m in Sources */,
				B17E758515D4357F0066550B /* LPHTTPAsyncFileResponse.m in Sources */,
				B17E758615D4357F0066550B /* LPHTTPDataResponse.m in Sources */,
				B17E758715D4357F0066550B /* LPHTTPDynamicFileResponse.m in Sources */,
				B17E758815D4357F0066550B /* LPHTTPFileResponse.m in Sources */,
				B17E758915D4357F0066550B /* LPHTTPRedirectResponse.m in Sources */,
				B17E758A15D4357F0066550B /* LPRouter.m in Sources */,
				B17E758B15D4357F0066550B /* LPQueryAllOperation.m in Sources */,
				B17E758C15D4357F0066550B /* LPOperation.m in Sources */,
				B17E758D15D4357F0066550B /* LPQueryOperation.m in Sources */,
				B17E758E15D4357F0066550B /* LPScrollOperation.m in Sources */,
				B17E758F15D4357F0066550B /* LPScrollToRowOperation.m in Sources */,
				B17E759015D4357F0066550B /* LPSetTextOperation.m in Sources */,
				B17E759115D4357F0066550B /* LPRecorder.m in Sources */,
				B17E759215D4357F0066550B /* LPUIARoute.m in Sources */,
				B17E759315D4357F0066550B /* LPUserPrefRoute.m in Sources */,
				B17E759415D4357F0066550B /* LPKeyboardRoute.m in Sources */,
				B17E759515D4357F0066550B /* LPGenericAsyncRoute.m in Sources */,
				B17E759615D4357F0066550B /* LPConditionRoute.m in Sources */,
				B17E759715D4357F0066550B /* LPInterpolateRoute.m in Sources */,
				B17E759815D4357F0066550B /* LPPlaybackRoute.m in Sources */,
				B17E759915D4357F0066550B /* LPRecordRoute.m in Sources */,
				B17E759A15D4357F0066550B /* LPMapRoute.m in Sources */,
				B17E759B15D4357F0066550B /* LPNoContentResponse.m in Sources */,
				B17E759C15D4357F0066550B /* LPScreenshotRoute.m in Sources */,
				B17E759D15D4357F0066550B /* LPAsyncPlaybackRoute.m in Sources */,
				B17E759E15D4357F0066550B /* LPBackdoorRoute.m in Sources */,
				B17E759F15D4357F0066550B /* LPVersionRoute.m in Sources */,
				B17E75A015D4357F0066550B /* CDataScanner_Extensions.m in Sources */,
				B17E75A115D4357F0066550B /* LPCJSONDeserializer.m in Sources */,
				B17E75A215D4357F0066550B /* LPCJSONScanner.m in Sources */,
				B17E75A315D4357F0066550B /* LPCJSONSerializer.m in Sources */,
				B17E75A415D4357F0066550B /* LPResources.m in Sources */,
				B17E75A515D4357F0066550B /* UIScriptASTPredicate.m in Sources */,
				B17E75A615D4357F0066550B /* UIScriptAST.m in Sources */,
				B17E75A715D4357F0066550B /* UIScriptASTALL.m in Sources */,
				B17E75A815D4357F0066550B /* UIScriptASTClassName.m in Sources */,
				B17E75A915D4357F0066550B /* UIScriptASTDirection.m in Sources */,
				B17E75AA15D4357F0066550B /* UIScriptASTFirst.m in Sources */,
				B17E75AB15D4357F0066550B /* UIScriptASTIndex.m in Sources */,
				B17E75AC15D4357F0066550B /* UIScriptASTLast.m in Sources */,
				B17E75AD15D4357F0066550B /* UIScriptASTWith.m in Sources */,
				B17E75AE15D4357F0066550B /* UIScriptParser.m in Sources */,
				B17E75AF15D4357F0066550B /* LPJSONUtils.m in Sources */,
				B17E75B015D4357F0066550B /* LPTouchUtils.m in Sources */,
				B17E75B115D4357F0066550B /* LPCDataScanner.m in Sources */,
				B17E75B215D4357F0066550B /* CalabashServer.m in Sources */,
				B13D5F8A15D43A3900504726 /* LPI.mm in Sources */,
				B1296FC315DC1F5B005DDF5C /* LPReflectUtils.m in Sources */,
				B13B29261627389500433F6C /* LPISO8601DateFormatter.m in Sources */,
				692D77A11657010000DE3E53 /* LPExitRoute.m in Sources */,
				B12179A9165D613100B6DA43 /* LPScreenshotRoute2.m in Sources */,
				B1B19DC916D162CF00D3D80B /* UIScriptASTVisibility.m in Sources */,
				B1EBF08916EE63A000AE4D40 /* LPAppPropertyRoute.m in Sources */,
				B1EBF08B16EE63A000AE4D40 /* LPQueryLogRoute.m in Sources */,
			);
			runOnlyForDeploymentPostprocessing = 0;
		};
/* End PBXSourcesBuildPhase section */

/* Begin PBXTargetDependency section */
		B17E75BC15D436880066550B /* PBXTargetDependency */ = {
			isa = PBXTargetDependency;
			target = B17E756C15D433A40066550B /* calabash */;
			targetProxy = B17E75BB15D436880066550B /* PBXContainerItemProxy */;
		};
/* End PBXTargetDependency section */

/* Begin PBXVariantGroup section */
		B121E79C14B6D9FB0034C6A9 /* InfoPlist.strings */ = {
			isa = PBXVariantGroup;
			children = (
				B121E79D14B6D9FB0034C6A9 /* en */,
			);
			name = InfoPlist.strings;
			sourceTree = "<group>";
		};
/* End PBXVariantGroup section */

/* Begin XCBuildConfiguration section */
		B121E7A014B6D9FB0034C6A9 /* Debug */ = {
			isa = XCBuildConfiguration;
			buildSettings = {
				ALWAYS_SEARCH_USER_PATHS = NO;
				ARCHS = "$(ARCHS_STANDARD_32_BIT)";
				CLANG_WARN_CONSTANT_CONVERSION = YES;
				CLANG_WARN_ENUM_CONVERSION = YES;
				CLANG_WARN_INT_CONVERSION = YES;
				CLANG_WARN__DUPLICATE_METHOD_MATCH = YES;
				COPY_PHASE_STRIP = NO;
				GCC_C_LANGUAGE_STANDARD = gnu99;
				GCC_DYNAMIC_NO_PIC = NO;
				GCC_OPTIMIZATION_LEVEL = 0;
				GCC_PREPROCESSOR_DEFINITIONS = (
					"DEBUG=1",
					"$(inherited)",
				);
				GCC_SYMBOLS_PRIVATE_EXTERN = NO;
				GCC_VERSION = com.apple.compilers.llvm.clang.1_0;
				GCC_WARN_ABOUT_MISSING_PROTOTYPES = YES;
				GCC_WARN_ABOUT_RETURN_TYPE = YES;
				GCC_WARN_UNINITIALIZED_AUTOS = YES;
				GCC_WARN_UNUSED_VARIABLE = YES;
				IPHONEOS_DEPLOYMENT_TARGET = 4.0;
				SDKROOT = iphoneos;
			};
			name = Debug;
		};
		B121E7A114B6D9FB0034C6A9 /* Release */ = {
			isa = XCBuildConfiguration;
			buildSettings = {
				ALWAYS_SEARCH_USER_PATHS = NO;
				ARCHS = "$(ARCHS_STANDARD_32_BIT)";
				CLANG_WARN_CONSTANT_CONVERSION = YES;
				CLANG_WARN_ENUM_CONVERSION = YES;
				CLANG_WARN_INT_CONVERSION = YES;
				CLANG_WARN__DUPLICATE_METHOD_MATCH = YES;
				COPY_PHASE_STRIP = YES;
				GCC_C_LANGUAGE_STANDARD = gnu99;
				GCC_VERSION = com.apple.compilers.llvm.clang.1_0;
				GCC_WARN_ABOUT_MISSING_PROTOTYPES = YES;
				GCC_WARN_ABOUT_RETURN_TYPE = YES;
				GCC_WARN_UNINITIALIZED_AUTOS = YES;
				GCC_WARN_UNUSED_VARIABLE = YES;
				IPHONEOS_DEPLOYMENT_TARGET = 4.0;
				SDKROOT = iphoneos;
				VALIDATE_PRODUCT = YES;
			};
			name = Release;
		};
		B17E757715D433A40066550B /* Debug */ = {
			isa = XCBuildConfiguration;
			buildSettings = {
				CLANG_CXX_LANGUAGE_STANDARD = "gnu++0x";
				CLANG_WARN__DUPLICATE_METHOD_MATCH = YES;
				COPY_PHASE_STRIP = NO;
				DEAD_CODE_STRIPPING = NO;
				DSTROOT = /tmp/calabash.dst;
				GCC_PRECOMPILE_PREFIX_HEADER = YES;
				GCC_PREFIX_HEADER = "calabash/calabash-Prefix.pch";
				GCC_WARN_UNINITIALIZED_AUTOS = YES;
				IPHONEOS_DEPLOYMENT_TARGET = 5.1;
				OTHER_LDFLAGS = "-ObjC";
				PRODUCT_NAME = "$(TARGET_NAME)";
				PUBLIC_HEADERS_FOLDER_PATH = "$(PROJECT_NAME)Headers";
				SKIP_INSTALL = YES;
				STRIP_STYLE = "non-global";
			};
			name = Debug;
		};
		B17E757815D433A40066550B /* Release */ = {
			isa = XCBuildConfiguration;
			buildSettings = {
				CLANG_CXX_LANGUAGE_STANDARD = "gnu++0x";
				CLANG_WARN__DUPLICATE_METHOD_MATCH = YES;
				COPY_PHASE_STRIP = NO;
				DEAD_CODE_STRIPPING = NO;
				DSTROOT = /tmp/calabash.dst;
				GCC_PRECOMPILE_PREFIX_HEADER = YES;
				GCC_PREFIX_HEADER = "calabash/calabash-Prefix.pch";
				GCC_WARN_UNINITIALIZED_AUTOS = YES;
				IPHONEOS_DEPLOYMENT_TARGET = 5.1;
				OTHER_LDFLAGS = "-ObjC";
				PRODUCT_NAME = "$(TARGET_NAME)";
				PUBLIC_HEADERS_FOLDER_PATH = "$(PROJECT_NAME)Headers";
				SKIP_INSTALL = YES;
				STRIP_STYLE = "non-global";
			};
			name = Release;
		};
		B17E75B915D436800066550B /* Debug */ = {
			isa = XCBuildConfiguration;
			buildSettings = {
				PRODUCT_NAME = "$(TARGET_NAME)";
			};
			name = Debug;
		};
		B17E75BA15D436800066550B /* Release */ = {
			isa = XCBuildConfiguration;
			buildSettings = {
				PRODUCT_NAME = "$(TARGET_NAME)";
			};
			name = Release;
		};
/* End XCBuildConfiguration section */

/* Begin XCConfigurationList section */
		B121E78B14B6D9FB0034C6A9 /* Build configuration list for PBXProject "calabash" */ = {
			isa = XCConfigurationList;
			buildConfigurations = (
				B121E7A014B6D9FB0034C6A9 /* Debug */,
				B121E7A114B6D9FB0034C6A9 /* Release */,
			);
			defaultConfigurationIsVisible = 0;
			defaultConfigurationName = Release;
		};
		B17E757615D433A40066550B /* Build configuration list for PBXNativeTarget "calabash" */ = {
			isa = XCConfigurationList;
			buildConfigurations = (
				B17E757715D433A40066550B /* Debug */,
				B17E757815D433A40066550B /* Release */,
			);
			defaultConfigurationIsVisible = 0;
			defaultConfigurationName = Release;
		};
		B17E75B815D436800066550B /* Build configuration list for PBXAggregateTarget "Framework" */ = {
			isa = XCConfigurationList;
			buildConfigurations = (
				B17E75B915D436800066550B /* Debug */,
				B17E75BA15D436800066550B /* Release */,
			);
			defaultConfigurationIsVisible = 0;
			defaultConfigurationName = Release;
		};
/* End XCConfigurationList section */
	};
	rootObject = B121E78814B6D9FB0034C6A9 /* Project object */;
}
